
Microsoft Visual Studio Solution File, Format Version 12.00
# Visual Studio Version 16
VisualStudioVersion = 16.0.31402.337
MinimumVisualStudioVersion = 10.0.40219.1
Project("{FAE04EC0-301F-11D3-BF4B-00C04F79EFBC}") = "demonetCICD", "demonetCICD\demonetCICD.csproj", "{80D4B81F-30CE-4D13-985B-D40BDEF0B8A7}"
EndProject
Global
	GlobalSection(SolutionConfigurationPlatforms) = preSolution
		Debug|Any CPU = Debug|Any CPU
		Release|Any CPU = Release|Any CPU
	EndGlobalSection
	GlobalSection(ProjectConfigurationPlatforms) = postSolution
		{80D4B81F-30CE-4D13-985B-D40BDEF0B8A7}.Debug|Any CPU.ActiveCfg = Debug|Any CPU
		{80D4B81F-30CE-4D13-985B-D40BDEF0B8A7}.Debug|Any CPU.Build.0 = Debug|Any CPU
		{80D4B81F-30CE-4D13-985B-D40BDEF0B8A7}.Release|Any CPU.ActiveCfg = Release|Any CPU
		{80D4B81F-30CE-4D13-985B-D40BDEF0B8A7}.Release|Any CPU.Build.0 = Release|Any CPU
	EndGlobalSection
	GlobalSection(SolutionProperties) = preSolution
		HideSolutionNode = FALSE
	EndGlobalSection
	GlobalSection(ExtensibilityGlobals) = postSolution
		SolutionGuid = {B307F653-A633-441C-A533-591583D5AB92}
	EndGlobalSection
EndGlobal
